{
    "_meta": {
        "hash": {
            "sha256": "189d431db21853bbcb96ee558baca6ab0748cc03bd1cdd1518fdbaaa537ecdc9"
        },
        "pipfile-spec": 6,
        "requires": {
            "python_version": "3.14"
        },
        "sources": [
            {
                "name": "pypi",
                "url": "https://pypi.org/simple",
                "verify_ssl": true
            }
        ]
    },
    "default": {
        "annotated-types": {
            "hashes": [
                "sha256:1f02e8b43a8fbbc3f3e0d4f0f4bfc8131bcb4eebe8849b8e5c773f3a1c582a53",
                "sha256:aff07c09a53a08bc8cfccb9c85b05f1aa9a2a6f23728d790723543408344ce89"
            ],
            "markers": "python_version >= '3.8'",
            "version": "==0.7.0"
        },
        "anthropic": {
            "hashes": [
                "sha256:04cbd473b6bbda4ca2e41dd670fe2f829a911530f01697d0a1e37321eb75f3cf",
                "sha256:8707aafb3b1176ed6c13e2b1c9fb3efddce90d17aee5d8b83a86c70dcdcca871"
            ],
            "index": "pypi",
            "markers": "python_version >= '3.9'",
            "version": "==0.79.0"
        },
        "anyio": {
            "hashes": [
                "sha256:41cfcc3a4c85d3f05c932da7c26d0201ac36f72abd4435ba90d0464a3ffed703",
                "sha256:d405828884fc140aa80a3c667b8beed277f1dfedec42ba031bd6ac3db606ab6c"
            ],
            "markers": "python_version >= '3.9'",
            "version": "==4.12.1"
        },
        "certifi": {
            "hashes": [
                "sha256:9943707519e4add1115f44c2bc244f782c0249876bf51b6599fee1ffbedd685c",
                "sha256:ac726dd470482006e014ad384921ed6438c457018f4b3d204aea4281258b2120"
            ],
            "markers": "python_version >= '3.7'",
            "version": "==2026.1.4"
        },
        "distro": {
            "hashes": [
                "sha256:2fa77c6fd8940f116ee1d6b94a2f90b13b5ea8d019b98bc8bafdcabcdd9bdbed",
                "sha256:7bffd925d65168f85027d8da9af6bddab658135b840670a223589bc0c8ef02b2"
            ],
            "markers": "python_version >= '3.6'",
            "version": "==1.9.0"
        },
        "docstring-parser": {
            "hashes": [
                "sha256:583de4a309722b3315439bb31d64ba3eebada841f2e2cee23b99df001434c912",
                "sha256:cf2569abd23dce8099b300f9b4fa8191e9582dda731fd533daf54c4551658708"
            ],
            "markers": "python_version >= '3.8'",
            "version": "==0.17.0"
        },
        "h11": {
            "hashes": [
                "sha256:4e35b956cf45792e4caa5885e69fba00bdbc6ffafbfa020300e549b208ee5ff1",
                "sha256:63cf8bbe7522de3bf65932fda1d9c2772064ffb3dae62d55932da54b31cb6c86"
            ],
            "markers": "python_version >= '3.8'",
            "version": "==0.16.0"
        },
        "httpcore": {
            "hashes": [
                "sha256:2d400746a40668fc9dec9810239072b40b4484b640a8c38fd654a024c7a1bf55",
                "sha256:6e34463af53fd2ab5d807f399a9b45ea31c3dfa2276f15a2c3f00afff6e176e8"
            ],
            "markers": "python_version >= '3.8'",
            "version": "==1.0.9"
        },
        "httpx": {
            "hashes": [
                "sha256:75e98c5f16b0f35b567856f597f06ff2270a374470a5c2392242528e3e3e42fc",
                "sha256:d909fcccc110f8c7faf814ca82a9a4d816bc5a6dbfea25d6591d6985b8ba59ad"
            ],
            "markers": "python_version >= '3.8'",
            "version": "==0.28.1"
        },
        "idna": {
            "hashes": [
                "sha256:771a87f49d9defaf64091e6e6fe9c18d4833f140bd19464795bc32d966ca37ea",
                "sha256:795dafcc9c04ed0c1fb032c2aa73654d8e8c5023a7df64a53f39190ada629902"
            ],
            "markers": "python_version >= '3.8'",
            "version": "==3.11"
        },
        "jiter": {
            "hashes": [
                "sha256:00203f47c214156df427b5989de74cb340c65c8180d09be1bf9de81d0abad599",
                "sha256:04670992b576fa65bd056dbac0c39fe8bd67681c380cb2b48efa885711d9d726",
                "sha256:0733312953b909688ae3c2d58d043aa040f9f1a6a75693defed7bc2cc4bf2654",
                "sha256:07b75fe09a4ee8e0c606200622e571e44943f47254f95e2436c8bdcaceb36d7d",
                "sha256:0a2bd69fc1d902e89925fc34d1da51b2128019423d7b339a45d9e99c894e0663",
                "sha256:0a8d76c7524087272c8ae913f5d9d608bd839154b62c4322ef65723d2e5bb0b8",
                "sha256:0b34c519e17658ed88d5047999a93547f8889f3c1824120c26ad6be5f27b6cf5",
                "sha256:0bf670e3b1445fc4d31612199f1744f67f889ee1bbae703c4b54dc097e5dd394",
                "sha256:0c365005b05505a90d1c47856420980d0237adf82f70c4aff7aebd3c1cc143ad",
                "sha256:0e3a5f0cde8ff433b8e88e41aa40131455420fb3649a3c7abdda6145f8cb7202",
                "sha256:0f0c065695f616a27c920a56ad0d4fc46415ef8b806bf8fc1cacf25002bd24e1",
                "sha256:1211427574b17b633cfceba5040de8081e5abf114f7a7602f73d2e16f9fdaa59",
                "sha256:1317fdffd16f5873e46ce27d0e0f7f4f90f0cdf1d86bf6abeaea9f63ca2c401d",
                "sha256:15db60e121e11fe186c0b15236bd5d18381b9ddacdcf4e659feb96fc6c969c92",
                "sha256:19928b5d1ce0ff8c1ee1b9bdef3b5bfc19e8304f1b904e436caf30bc15dc6cf5",
                "sha256:19cd6f85e1dc090277c3ce90a5b7d96f32127681d825e71c9dce28788e39fc0c",
                "sha256:1f4748aad1b4a93c8bdd70f604d0f748cdc0e8744c5547798acfa52f10e79228",
                "sha256:1f8a55b848cbabf97d861495cd65f1e5c590246fabca8b48e1747c4dfc8f85bf",
                "sha256:2113c17c9a67071b0f820733c0893ed1d467b5fcf4414068169e5c2cabddb1e2",
                "sha256:24ab43126d5e05f3d53a36a8e11eb2f23304c6c1117844aaaf9a0aa5e40b5018",
                "sha256:24dc96eca9f84da4131cdf87a95e6ce36765c3b156fc9ae33280873b1c32d5f6",
                "sha256:2b4972c6df33731aac0742b64fd0d18e0a69bc7d6e03108ce7d40c85fd9e3e6d",
                "sha256:2c26cf47e2cad140fa23b6d58d435a7c0161f5c514284802f25e87fddfe11024",
                "sha256:2d08c9475d48b92892583df9da592a0e2ac49bcd41fae1fec4f39ba6cf107820",
                "sha256:2ffc63785fd6c7977defe49b9824ae6ce2b2e2b77ce539bdaf006c26da06342e",
                "sha256:309549b778b949d731a2f0e1594a3f805716be704a73bf3ad9a807eed5eb5721",
                "sha256:3097d665a27bc96fd9bbf7f86178037db139f319f785e4757ce7ccbf390db6c2",
                "sha256:36ebfbcffafb146d0e6ffb3e74d51e03d9c35ce7c625c8066cdbfc7b953bdc72",
                "sha256:3b3fb8c2053acaef8580809ac1d1f7481a0a0bdc012fd7f5d8b18fb696a5a089",
                "sha256:3d744a6061afba08dd7ae375dcde870cffb14429b7477e10f67e9e6d68772a0a",
                "sha256:41f92313d17989102f3cb5dd533a02787cdb99454d494344b0361355da52fcb9",
                "sha256:4397ee562b9f69d283e5674445551b47a5e8076fdde75e71bfac5891113dc543",
                "sha256:45f6f8efb2f3b0603092401dc2df79fa89ccbc027aaba4174d2d4133ed661434",
                "sha256:47455245307e4debf2ce6c6e65a717550a0244231240dcf3b8f7d64e4c2f22f4",
                "sha256:4a638816427006c1e3f0013eb66d391d7a3acda99a7b0cf091eff4497ccea33a",
                "sha256:5467696f6b827f1116556cb0db620440380434591e93ecee7fd14d1a491b6daa",
                "sha256:57aab48f40be1db920a582b30b116fe2435d184f77f0e4226f546794cedd9cf0",
                "sha256:597245258e6ad085d064780abfb23a284d418d3e61c57362d9449c6c7317ee2d",
                "sha256:5a1aff1fbdb803a376d4d22a8f63f8e7ccbce0b4890c26cc7af9e501ab339ef0",
                "sha256:5d9b34ad56761b3bf0fbe8f7e55468704107608512350962d3317ffd7a4382d5",
                "sha256:6207fc61c395b26fffdcf637a0b06b4326f35bfa93c6e92fe1a166a21aeb6731",
                "sha256:632bf7c1d28421c00dd8bbb8a3bac5663e1f57d5cd5ed962bce3c73bf62608e6",
                "sha256:66aa3e663840152d18cc8ff1e4faad3dd181373491b9cfdc6004b92198d67911",
                "sha256:682161a67adea11e3aae9038c06c8b4a9a71023228767477d683f69903ebc607",
                "sha256:6c26a424569a59140fb51160a56df13f438a2b0967365e987889186d5fc2f6f9",
                "sha256:6eeb7db8bc77dc20476bc2f7407a23dbe3d46d9cc664b166e3d474e1c1de4baa",
                "sha256:701a1e77d1e593c1b435315ff625fd071f0998c5f02792038a5ca98899261b7d",
                "sha256:775e10de3849d0631a97c603f996f518159272db00fdda0a780f81752255ee9d",
                "sha256:7772115877c53f62beeb8fd853cab692dbc04374ef623b30f997959a4c0e7e95",
                "sha256:7b88d649135aca526da172e48083da915ec086b54e8e73a425ba50999468cc08",
                "sha256:7bb00b6d26db67a05fe3e12c76edc75f32077fb51deed13822dc648fa373bc19",
                "sha256:7beae3a3d3b5212d3a55d2961db3c292e02e302feb43fce6a3f7a31b90ea6dfe",
                "sha256:7c26ad6967c9dcedf10c995a21539c3aa57d4abad7001b7a84f621a263a6b605",
                "sha256:7f90023f8f672e13ea1819507d2d21b9d2d1c18920a3b3a5f1541955a85b5504",
                "sha256:879e768938e7b49b5e90b7e3fecc0dbec01b8cb89595861fb39a8967c5220d09",
                "sha256:87ce0f14c6c08892b610686ae8be350bf368467b6acd5085a5b65441e2bf36d2",
                "sha256:8d76029f077379374cf0dbc78dbe45b38dec4a2eb78b08b5194ce836b2517afc",
                "sha256:9621ca242547edc16400981ca3231e0c91c0c4c1ab8573a596cd9bb3575d5c2b",
                "sha256:964538479359059a35fb400e769295d4b315ae61e4105396d355a12f7fef09f0",
                "sha256:9776ebe51713acf438fd9b4405fcd86893ae5d03487546dae7f34993217f8a91",
                "sha256:98fbafb6e88256f4454de33c1f40203d09fc33ed19162a68b3b257b29ca7f663",
                "sha256:9950290340acc1adaded363edd94baebcee7dabdfa8bee4790794cd5cfad2af6",
                "sha256:9d01ecc3a8cbdb6f25a37bd500510550b64ddf9f7d64a107d92f3ccb25035d0f",
                "sha256:9da38b4fedde4fb528c740c2564628fbab737166a0e73d6d46cb4bb5463ff411",
                "sha256:9ffda299e417dc83362963966c50cb76d42da673ee140de8a8ac762d4bb2378b",
                "sha256:a13b68cd1cd8cc9de8f244ebae18ccb3e4067ad205220ef324c39181e23bbf66",
                "sha256:a3a377af27b236abbf665a69b2bdd680e3b5a0bd2af825cd3b81245279a7606c",
                "sha256:a576f5dce9ac7de5d350b8e2f552cf364f32975ed84717c35379a51c7cb198bd",
                "sha256:a7637d92b1c9d7a771e8c56f445c7f84396d48f2e756e5978840ecba2fac0894",
                "sha256:ab1185ca5c8b9491b55ebf6c1e8866b8f68258612899693e24a92c5fdb9455d5",
                "sha256:ab44b178f7981fcaea7e0a5df20e773c663d06ffda0198f1a524e91b2fde7e59",
                "sha256:ade8cb6ff5632a62b7dbd4757d8c5573f7a2e9ae285d6b5b841707d8363205ef",
                "sha256:aed40e099404721d7fcaf5b89bd3b4568a4666358bcac7b6b15c09fb6252ab68",
                "sha256:b1cbfa133241d0e6bdab48dcdc2604e8ba81512f6bbd68ec3e8e1357dd3c316c",
                "sha256:b22945be8425d161f2e536cdae66da300b6b000f1c0ba3ddf237d1bfd45d21b8",
                "sha256:bb7613e1a427cfcb6ea4544f9ac566b93d5bf67e0d48c787eca673ff9c9dff2b",
                "sha256:bcdabaea26cb04e25df3103ce47f97466627999260290349a88c8136ecae0060",
                "sha256:bdaba7d87e66f26a2c45d8cbadcbfc4bf7884182317907baf39cfe9775bb4d93",
                "sha256:c05b450d37ba0c9e21c77fef1f205f56bcee2330bddca68d344baebfc55ae0df",
                "sha256:c1b609e5cbd2f52bb74fb721515745b407df26d7b800458bd97cb3b972c29e7d",
                "sha256:c1e2b199f446d3e82246b4fd9236d7cb502dc2222b18698ba0d986d2fecc6152",
                "sha256:c3524798e70655ff19aec58c7d05adb1f074fecff62da857ea9be2b908b6d701",
                "sha256:cc5223ab19fe25e2f0bf2643204ad7318896fe3729bf12fde41b77bfc4fafff0",
                "sha256:d2a6394e6af690d462310a86b53c47ad75ac8c21dc79f120714ea449979cb1d3",
                "sha256:db367d8be9fad6e8ebbac4a7578b7af562e506211036cba2c06c3b998603c3d2",
                "sha256:dc3ce84cfd4fa9628fe62c4f85d0d597a4627d4242cfafac32a12cc1455d00f7",
                "sha256:e104da1db1c0991b3eaed391ccd650ae8d947eab1480c733e5a3fb28d4313e40",
                "sha256:e404ea551d35438013c64b4f357b0474c7abf9f781c06d44fcaf7a14c69ff9e2",
                "sha256:e5562a0f0e90a6223b704163ea28e831bd3a9faa3512a711f031611e6b06c939",
                "sha256:ea026e70a9a28ebbdddcbcf0f1323128a8db66898a06eaad3a4e62d2f554d096",
                "sha256:ec7e287d7fbd02cb6e22f9a00dd9c9cd504c40a61f2c61e7e1f9690a82726b4c",
                "sha256:ed0240dd1536a98c3ab55e929c60dfff7c899fecafcb7d01161b21a99fc8c363",
                "sha256:ed9bbc30f5d60a3bdf63ae76beb3f9db280d7f195dfcfa61af792d6ce912d159",
                "sha256:ee9da221dca6e0429c2704c1b3655fe7b025204a71d4d9b73390c759d776d165",
                "sha256:f22ef501c3f87ede88f23f9b11e608581c14f04db59b6a801f354397ae13739f",
                "sha256:f2839f9c2c7e2dffc1bc5929a510e14ce0a946be9365fd1219e7ef342dae14f4",
                "sha256:f556aa591c00f2c45eb1b89f68f52441a016034d18b65da60e2d2875bbbf344a",
                "sha256:f7e1d61da332ec412350463891923f960c3073cf1aae93b538f0bb4c8cd46efb",
                "sha256:f917a04240ef31898182f76a332f508f2cc4b57d2b4d7ad2dbfebbfe167eb505",
                "sha256:fa476ab5dd49f3bf3a168e05f89358c75a17608dbabb080ef65f96b27c19ab10",
                "sha256:fe49d3ff6db74321f144dff9addd4a5874d3105ac5ba7c5b77fac099cfae31ae",
                "sha256:ff732bd0a0e778f43d5009840f20b935e79087b4dc65bd36f1cd0f9b04b8ff7f"
            ],
            "markers": "python_version >= '3.9'",
            "version": "==0.13.0"
        },
        "numpy": {
            "hashes": [
                "sha256:00ab83c56211a1d7c07c25e3217ea6695e50a3e2f255053686b081dc0b091a82",
                "sha256:068cdb2d0d644cdb45670810894f6a0600797a69c05f1ac478e8d31670b8ee75",
                "sha256:0f01dcf33e73d80bd8dc0f20a71303abbafa26a19e23f6b68d1aa9990af90257",
                "sha256:0fece1d1f0a89c16b03442eae5c56dc0be0c7883b5d388e0c03f53019a4bfd71",
                "sha256:12e26134a0331d8dbd9351620f037ec470b7c75929cb8a1537f6bfe411152a1a",
                "sha256:1ae241bbfc6ae276f94a170b14785e561cb5e7f626b6688cf076af4110887413",
                "sha256:1f92f53998a17265194018d1cc321b2e96e900ca52d54c7c77837b71b9465181",
                "sha256:209fae046e62d0ce6435fcfe3b1a10537e858249b3d9b05829e2a05218296a85",
                "sha256:20abd069b9cda45874498b245c8015b18ace6de8546bf50dfa8cea1696ed06ef",
                "sha256:21982668592194c609de53ba4933a7471880ccbaadcc52352694a59ecc860b3a",
                "sha256:25f2059807faea4b077a2b6837391b5d830864b3543627f381821c646f31a63c",
                "sha256:2653de5c24910e49c2b106499803124dde62a5a1fe0eedeaecf4309a5f639390",
                "sha256:2b8f157c8a6f20eb657e240f8985cc135598b2b46985c5bccbde7616dc9c6b1e",
                "sha256:2fb882da679409066b4603579619341c6d6898fc83a8995199d5249f986e8e8f",
                "sha256:40397bda92382fcec844066efb11f13e1c9a3e2a8e8f318fb72ed8b6db9f60f1",
                "sha256:444be170853f1f9d528428eceb55f12918e4fda5d8805480f36a002f1415e09b",
                "sha256:47c5a6ed21d9452b10227e5e8a0e1c22979811cad7dcc19d8e3e2fb8fa03f1a3",
                "sha256:4f069069931240b3fc703f1e23df63443dbd6390614c8c44a87d96cd0ec81eb1",
                "sha256:52b913ec40ff7ae845687b0b34d8d93b60cb66dcee06996dd5c99f2fc9328657",
                "sha256:5633c0da313330fd20c484c78cdd3f9b175b55e1a766c4a174230c6b70ad8262",
                "sha256:5daf6f3914a733336dab21a05cdec343144600e964d2fcdabaac0c0269874b2a",
                "sha256:5eea80d908b2c1f91486eb95b3fb6fab187e569ec9752ab7d9333d2e66bf2d6b",
                "sha256:602f65afdef699cda27ec0b9224ae5dc43e328f4c24c689deaf77133dbee74d0",
                "sha256:659a6107e31a83c4e33f763942275fd278b21d095094044eb35569e86a21ddae",
                "sha256:66cb9422236317f9d44b67b4d18f44efe6e9c7f8794ac0462978513359461554",
                "sha256:6d82351358ffbcdcd7b686b90742a9b86632d6c1c051016484fa0b326a0a1548",
                "sha256:6e9f61981ace1360e42737e2bae58b27bf28a1b27e781721047d84bd754d32e7",
                "sha256:6ed0be1ee58eef41231a5c943d7d1375f093142702d5723ca2eb07db9b934b05",
                "sha256:7cdde6de52fb6664b00b056341265441192d1291c130e99183ec0d4b110ff8b1",
                "sha256:7df2de1e4fba69a51c06c28f5a3de36731eb9639feb8e1cf7e4a7b0daf4cf622",
                "sha256:7edc794af8b36ca37ef5fcb5e0d128c7e0595c7b96a2318d1badb6fcd8ee86b1",
                "sha256:7f54844851cdb630ceb623dcec4db3240d1ac13d4990532446761baede94996a",
                "sha256:805cc8de9fd6e7a22da5aed858e0ab16be5a4db6c873dde1d7451c541553aa27",
                "sha256:8906e71fd8afcb76580404e2a950caef2685df3d2a57fe82a86ac8d33cc007ba",
                "sha256:89f7268c009bc492f506abd6f5265defa7cb3f7487dc21d357c3d290add45082",
                "sha256:8c50dd1fc8826f5b26a5ee4d77ca55d88a895f4e4819c7ecc2a9f5905047a443",
                "sha256:8e4549f8a3c6d13d55041925e912bfd834285ef1dd64d6bc7d542583355e2e98",
                "sha256:8e9afaeb0beff068b4d9cd20d322ba0ee1cecfb0b08db145e4ab4dd44a6b5110",
                "sha256:98f16a80e917003a12c0580f97b5f875853ebc33e2eaa4bccfc8201ac6869308",
                "sha256:9e35d3e0144137d9fdae62912e869136164534d64a169f86438bc9561b6ad49f",
                "sha256:9e4424677ce4b47fe73c8b5556d876571f7c6945d264201180db2dc34f676ab5",
                "sha256:adb6ed2ad29b9e15321d167d152ee909ec73395901b70936f029c3bc6d7f4460",
                "sha256:aea4f66ff44dfddf8c2cffd66ba6538c5ec67d389285292fe428cb2c738c8aef",
                "sha256:b21041e8cb6a1eb5312dd1d2f80a94d91efffb7a06b70597d44f1bd2dfc315ab",
                "sha256:b2f0073ed0868db1dcd86e052d37279eef185b9c8db5bf61f30f46adac63c909",
                "sha256:b3a24467af63c67829bfaa61eecf18d5432d4f11992688537be59ecd6ad32f5e",
                "sha256:b9c618d56a29c9cb1c4da979e9899be7578d2e0b3c24d52079c166324c9e8695",
                "sha256:bba37bc29d4d85761deed3954a1bc62be7cf462b9510b51d367b769a8c8df325",
                "sha256:bd3a7a9f5847d2fb8c2c6d1c862fa109c31a9abeca1a3c2bd5a64572955b2979",
                "sha256:be71bf1edb48ebbbf7f6337b5bfd2f895d1902f6335a5830b20141fc126ffba0",
                "sha256:c02ef4401a506fb60b411467ad501e1429a3487abca4664871d9ae0b46c8ba32",
                "sha256:c3cd545784805de05aafe1dde61752ea49a359ccba9760c1e5d1c88a93bbf2b7",
                "sha256:c7ac672d699bf36275c035e16b65539931347d68b70667d28984c9fb34e07fa7",
                "sha256:cb7bbb88aa74908950d979eeaa24dbdf1a865e3c7e45ff0121d8f70387b55f73",
                "sha256:cd2bd2bbed13e213d6b55dc1d035a4f91748a7d3edc9480c13898b0353708920",
                "sha256:cda077c2e5b780200b6b3e09d0b42205a3d1c68f30c6dceb90401c13bff8fe74",
                "sha256:cf28c0c1d4c4bf00f509fa7eb02c58d7caf221b50b467bcb0d9bbf1584d5c821",
                "sha256:d0d9b7c93578baafcbc5f0b83eaf17b79d345c6f36917ba0c67f45226911d499",
                "sha256:d1240d50adff70c2a88217698ca844723068533f3f5c5fa6ee2e3220e3bdb000",
                "sha256:d30291931c915b2ab5717c2974bb95ee891a1cf22ebc16a8006bd59cd210d40a",
                "sha256:d9f64d786b3b1dd742c946c42d15b07497ed14af1a1f3ce840cce27daa0ce913",
                "sha256:da6cad4e82cb893db4b69105c604d805e0c3ce11501a55b5e9f9083b47d2ffe8",
                "sha256:df1b10187212b198dd45fa943d8985a3c8cf854aed4923796e0e019e113a1bda",
                "sha256:e04ae107ac591763a47398bb45b568fc38f02dbc4aa44c063f67a131f99346cb",
                "sha256:e6dee3bb76aa4009d5a912180bf5b2de012532998d094acee25d9cb8dee3e44a",
                "sha256:e7e88598032542bd49af7c4747541422884219056c268823ef6e5e89851c8825",
                "sha256:e98c97502435b53741540a5717a6749ac2ada901056c7db951d33e11c885cc7d",
                "sha256:ec055f6dae239a6299cace477b479cca2fc125c5675482daf1dd886933a1076f",
                "sha256:f74f0f7779cc7ae07d1810aab8ac6b1464c3eafb9e283a40da7309d5e6e48fbb",
                "sha256:fbde1b0c6e81d56f5dccd95dd4a711d9b95df1ae4009a60887e56b27e8d903fa",
                "sha256:fcf92bee92742edd401ba41135185866f7026c502617f422eb432cfeca4fe236",
                "sha256:fd49860271d52127d61197bb50b64f58454e9f578cb4b2c001a6de8b1f50b0b1"
            ],
            "markers": "python_version >= '3.11'",
            "version": "==2.4.2"
        },
        "pandas": {
            "hashes": [
                "sha256:0192fee1f1a8e743b464a6607858ee4b071deb0b118eb143d71c2a1d170996d5",
                "sha256:083b11415b9970b6e7888800c43c82e81a06cd6b06755d84804444f0007d6bb7",
                "sha256:0facf7e87d38f721f0af46fe70d97373a37701b1c09f7ed7aeeb292ade5c050f",
                "sha256:113b4cca2614ff7e5b9fee9b6f066618fe73c5a83e99d721ffc41217b2bf57dd",
                "sha256:125eb901e233f155b268bbef9abd9afb5819db74f0e677e89a61b246228c71ac",
                "sha256:14c2a4099cd38a1d18ff108168ea417909b2dea3bd1ebff2ccf28ddb6a74d740",
                "sha256:15d59f885ee5011daf8335dff47dcb8a912a27b4ad7826dc6cbe809fd145d327",
                "sha256:177d9df10b3f43b70307a149d7ec49a1229a653f907aa60a48f1877d0e6be3be",
                "sha256:1c39eab3ad38f2d7a249095f0a3d8f8c22cc0f847e98ccf5bbe732b272e2d9fa",
                "sha256:1fbbb5a7288719e36b76b4f18d46ede46e7f916b6c8d9915b756b0a6c3f792b3",
                "sha256:24e6547fb64d2c92665dd2adbfa4e85fa4fd70a9c070e7cfb03b629a0bbab5eb",
                "sha256:2713810ad3806767b89ad3b7b69ba153e1c6ff6d9c20f9c2140379b2a98b6c98",
                "sha256:33fd3e6baa72899746b820c31e4b9688c8e1b7864d7aec2de7ab5035c285277a",
                "sha256:3c9a1a149aed3b6c9bf246033ff91e1b02d529546c5d6fb6b74a28fea0cf4c70",
                "sha256:412d1a89aab46889f3033a386912efcdfa0f1131c5705ff5b668dda88305e986",
                "sha256:447b2d68ac5edcbf94655fe909113a6dba6ef09ad7f9f60c80477825b6c489fe",
                "sha256:48ee04b90e2505c693d3f8e8f524dab8cb8aaf7ddcab52c92afa535e717c4812",
                "sha256:4a4a400ca18230976724a5066f20878af785f36c6756e498e94c2a5e5d57779c",
                "sha256:4a66384f017240f3858a4c8a7cf21b0591c3ac885cddb7758a589f0f71e87ebb",
                "sha256:597c08fb9fef0edf1e4fa2f9828dd27f3d78f9b8c9b4a748d435ffc55732310b",
                "sha256:5db1e62cb99e739fa78a28047e861b256d17f88463c76b8dafc7c1338086dca8",
                "sha256:613e13426069793aa1ec53bdcc3b86e8d32071daea138bbcf4fa959c9cdaa2e2",
                "sha256:66f72fb172959af42a459e27a8d8d2c7e311ff4c1f7db6deb3b643dbc382ae08",
                "sha256:69780c98f286076dcafca38d8b8eee1676adf220199c0a39f0ecbf976b68151a",
                "sha256:697b8f7d346c68274b1b93a170a70974cdc7d7354429894d5927c1effdcccd73",
                "sha256:707a9a877a876c326ae2cb640fbdc4ef63b0a7b9e2ef55c6df9942dcee8e2af9",
                "sha256:783ac35c4d0fe0effdb0d67161859078618b1b6587a1af15928137525217a721",
                "sha256:8cb3120f0d9467ed95e77f67a75e030b67545bcfa08964e349252d674171def2",
                "sha256:8e8b9808590fa364416b49b2a35c1f4cf2785a6c156935879e57f826df22038e",
                "sha256:940eebffe55528074341a5a36515f3e4c5e25e958ebbc764c9502cfc35ba3faa",
                "sha256:95683af6175d884ee89471842acfca29172a85031fccdabc35e50c0984470a0e",
                "sha256:9803b31f5039b3c3b10cc858c5e40054adb4b29b4d81cb2fd789f4121c8efbcd",
                "sha256:98212a38a709feb90ae658cb6227ea3657c22ba8157d4b8f913cd4c950de5e7e",
                "sha256:a453aad8c4f4e9f166436994a33884442ea62aa8b27d007311e87521b97246e1",
                "sha256:a8942e333dc67ceda1095227ad0febb05a3b36535e520154085db632c40ad084",
                "sha256:afd0aa3d0b5cda6e0b8ffc10dbcca3b09ef3cbcd3fe2b27364f85fdc04e1989d",
                "sha256:b78d646249b9a2bc191040988c7bb524c92fa8534fb0898a0741d7e6f2ffafa6",
                "sha256:b86d113b6c109df3ce0ad5abbc259fe86a1bd4adfd4a31a89da42f84f65509bb",
                "sha256:bc9cba7b355cb4162442a88ce495e01cb605f17ac1e27d6596ac963504e0305f",
                "sha256:be8c515c9bc33989d97b89db66ea0cececb0f6e3c2a87fcc8b69443a6923e95f",
                "sha256:c14837eba8e99a8da1527c0280bba29b0eb842f64aa94982c5e21227966e164b",
                "sha256:d257699b9a9960e6125686098d5714ac59d05222bef7a5e6af7a7fd87c650801",
                "sha256:d64ce01eb9cdca96a15266aa679ae50212ec52757c79204dbc7701a222401850",
                "sha256:da768007b5a33057f6d9053563d6b74dd6d029c337d93c6d0d22a763a5c2ecc0",
                "sha256:debb95c77ff3ed3ba0d9aa20c3a2f19165cc7956362f9873fce1ba0a53819d70",
                "sha256:e979d22316f9350c516479dd3a92252be2937a9531ed3a26ec324198a99cdd49",
                "sha256:f0b853319dec8d5e0c8b875374c078ef17f2269986a78168d9bd57e49bf650ae",
                "sha256:fedabf175e7cd82b69b74c30adbaa616de301291a5231138d7242596fc296a8d"
            ],
            "index": "pypi",
            "markers": "python_version >= '3.11'",
            "version": "==3.0.0"
        },
        "pydantic": {
            "hashes": [
                "sha256:4d351024c75c0f085a9febbb665ce8c0c6ec5d30e903bdb6394b7ede26aebb49",
                "sha256:e561593fccf61e8a20fc46dfc2dfe075b8be7d0188df33f221ad1f0139180f9d"
            ],
            "markers": "python_version >= '3.9'",
            "version": "==2.12.5"
        },
        "pydantic-core": {
            "hashes": [
                "sha256:0177272f88ab8312479336e1d777f6b124537d47f2123f89cb37e0accea97f90",
                "sha256:01a3d0ab748ee531f4ea6c3e48ad9dac84ddba4b0d82291f87248f2f9de8d740",
                "sha256:0384e2e1021894b1ff5a786dbf94771e2986ebe2869533874d7e43bc79c6f504",
                "sha256:03b77d184b9eb40240ae9fd676ca364ce1085f203e1b1256f8ab9984dca80a84",
                "sha256:03ca43e12fab6023fc79d28ca6b39b05f794ad08ec2feccc59a339b02f2b3d33",
                "sha256:05a2c8852530ad2812cb7914dc61a1125dc4e06252ee98e5638a12da6cc6fb6c",
                "sha256:070259a8818988b9a84a449a2a7337c7f430a22acc0859c6b110aa7212a6d9c0",
                "sha256:08daa51ea16ad373ffd5e7606252cc32f07bc72b28284b6bc9c6df804816476e",
                "sha256:0cbaad15cb0c90aa221d43c00e77bb33c93e8d36e0bf74760cd00e732d10a6a0",
                "sha256:100baa204bb412b74fe285fb0f3a385256dad1d1879f0a5cb1499ed2e83d132a",
                "sha256:112e305c3314f40c93998e567879e887a3160bb8689ef3d2c04b6cc62c33ac34",
                "sha256:16f80f7abe3351f8ea6858914ddc8c77e02578544a0ebc15b4c2e1a0e813b0b2",
                "sha256:1746d4a3d9a794cacae06a5eaaccb4b8643a131d45fbc9af23e353dc0a5ba5c3",
                "sha256:1962293292865bca8e54702b08a4f26da73adc83dd1fcf26fbc875b35d81c815",
                "sha256:1d1d9764366c73f996edd17abb6d9d7649a7eb690006ab6adbda117717099b14",
                "sha256:1f8d33a7f4d5a7889e60dc39856d76d09333d8a6ed0f5f1190635cbec70ec4ba",
                "sha256:22f0fb8c1c583a3b6f24df2470833b40207e907b90c928cc8d3594b76f874375",
                "sha256:239edca560d05757817c13dc17c50766136d21f7cd0fac50295499ae24f90fdf",
                "sha256:242a206cd0318f95cd21bdacff3fcc3aab23e79bba5cac3db5a841c9ef9c6963",
                "sha256:25e1c2af0fce638d5f1988b686f3b3ea8cd7de5f244ca147c777769e798a9cd1",
                "sha256:266fb4cbf5e3cbd0b53669a6d1b039c45e3ce651fd5442eff4d07c2cc8d66808",
                "sha256:2782c870e99878c634505236d81e5443092fba820f0373997ff75f90f68cd553",
                "sha256:287dad91cfb551c363dc62899a80e9e14da1f0e2b6ebde82c806612ca2a13ef1",
                "sha256:29452c56df2ed968d18d7e21f4ab0ac55e71dc59524872f6fc57dcf4a3249ed2",
                "sha256:299e0a22e7ae2b85c1a57f104538b2656e8ab1873511fd718a1c1c6f149b77b5",
                "sha256:2a5e06546e19f24c6a96a129142a75cee553cc018ffee48a460059b1185f4470",
                "sha256:2b761d210c9ea91feda40d25b4efe82a1707da2ef62901466a42492c028553a2",
                "sha256:2c010c6ded393148374c0f6f0bf89d206bf3217f201faa0635dcd56bd1520f6b",
                "sha256:2ff4321e56e879ee8d2a879501c8e469414d948f4aba74a2d4593184eb326660",
                "sha256:3006c3dd9ba34b0c094c544c6006cc79e87d8612999f1a5d43b769b89181f23c",
                "sha256:33cb885e759a705b426baada1fe68cbb0a2e68e34c5d0d0289a364cf01709093",
                "sha256:346285d28e4c8017da95144c7f3acd42740d637ff41946af5ce6e5e420502dd5",
                "sha256:34a64bc3441dc1213096a20fe27e8e128bd3ff89921706e83c0b1ac971276594",
                "sha256:35b44f37a3199f771c3eaa53051bc8a70cd7b54f333531c59e29fd4db5d15008",
                "sha256:378bec5c66998815d224c9ca994f1e14c0c21cb95d2f52b6021cc0b2a58f2a5a",
                "sha256:3f37a19d7ebcdd20b96485056ba9e8b304e27d9904d233d7b1015db320e51f0a",
                "sha256:3f84d5c1b4ab906093bdc1ff10484838aca54ef08de4afa9de0f5f14d69639cd",
                "sha256:4009935984bd36bd2c774e13f9a09563ce8de4abaa7226f5108262fa3e637284",
                "sha256:406bf18d345822d6c21366031003612b9c77b3e29ffdb0f612367352aab7d586",
                "sha256:4819fa52133c9aa3c387b3328f25c1facc356491e6135b459f1de698ff64d869",
                "sha256:482c982f814460eabe1d3bb0adfdc583387bd4691ef00b90575ca0d2b6fe2294",
                "sha256:4bc36bbc0b7584de96561184ad7f012478987882ebf9f9c389b23f432ea3d90f",
                "sha256:506d766a8727beef16b7adaeb8ee6217c64fc813646b424d0804d67c16eddb66",
                "sha256:56121965f7a4dc965bff783d70b907ddf3d57f6eba29b6d2e5dabfaf07799c51",
                "sha256:58133647260ea01e4d0500089a8c4f07bd7aa6ce109682b1426394988d8aaacc",
                "sha256:5921a4d3ca3aee735d9fd163808f5e8dd6c6972101e4adbda9a4667908849b97",
                "sha256:5a4e67afbc95fa5c34cf27d9089bca7fcab4e51e57278d710320a70b956d1b9a",
                "sha256:5cb1b2f9742240e4bb26b652a5aeb840aa4b417c7748b6f8387927bc6e45e40d",
                "sha256:62de39db01b8d593e45871af2af9e497295db8d73b085f6bfd0b18c83c70a8f9",
                "sha256:634e8609e89ceecea15e2d61bc9ac3718caaaa71963717bf3c8f38bfde64242c",
                "sha256:63510af5e38f8955b8ee5687740d6ebf7c2a0886d15a6d65c32814613681bc07",
                "sha256:650ae77860b45cfa6e2cdafc42618ceafab3a2d9a3811fcfbd3bbf8ac3c40d36",
                "sha256:6561e94ba9dacc9c61bce40e2d6bdc3bfaa0259d3ff36ace3b1e6901936d2e3e",
                "sha256:65840751b72fbfd82c3c640cff9284545342a4f1eb1586ad0636955b261b0b05",
                "sha256:6cb58b9c66f7e4179a2d5e0f849c48eff5c1fca560994d6eb6543abf955a149e",
                "sha256:6f52298fbd394f9ed112d56f3d11aabd0d5bd27beb3084cc3d8ad069483b8941",
                "sha256:707625ef0983fcfb461acfaf14de2067c5942c6bb0f3b4c99158bed6fedd3cf3",
                "sha256:72f6c8b11857a856bcfa48c86f5368439f74453563f951e473514579d44aa612",
                "sha256:753e230374206729bf0a807954bcc6c150d3743928a73faffee51ac6557a03c3",
                "sha256:76d0819de158cd855d1cbb8fcafdf6f5cf1eb8e470abe056d5d161106e38062b",
                "sha256:76ee27c6e9c7f16f47db7a94157112a2f3a00e958bc626e2f4ee8bec5c328fbe",
                "sha256:77b63866ca88d804225eaa4af3e664c5faf3568cea95360d21f4725ab6e07146",
                "sha256:79ec52ec461e99e13791ec6508c722742ad745571f234ea6255bed38c6480f11",
                "sha256:7b93a4d08587e2b7e7882de461e82b6ed76d9026ce91ca7915e740ecc7855f60",
                "sha256:7da7087d756b19037bc2c06edc6c170eeef3c3bafcb8f532ff17d64dc427adfd",
                "sha256:7f3bf998340c6d4b0c9a2f02d6a400e51f123b59565d74dc60d252ce888c260b",
                "sha256:80aa89cad80b32a912a65332f64a4450ed00966111b6615ca6816153d3585a8c",
                "sha256:8566def80554c3faa0e65ac30ab0932b9e3a5cd7f8323764303d468e5c37595a",
                "sha256:873e0d5b4fb9b89ef7c2d2a963ea7d02879d9da0da8d9d4933dee8ee86a8b460",
                "sha256:88942d3a3dff3afc8288c21e565e476fc278902ae4d6d134f1eeda118cc830b1",
                "sha256:8bfeaf8735be79f225f3fefab7f941c712aaca36f1128c9d7e2352ee1aa87bdf",
                "sha256:8e7c86f27c585ef37c35e56a96363ab8de4e549a95512445b85c96d3e2f7c1bf",
                "sha256:915c3d10f81bec3a74fbd4faebe8391013ba61e5a1a8d48c4455b923bdda7858",
                "sha256:93e8740d7503eb008aa2df04d3b9735f845d43ae845e6dcd2be0b55a2da43cd2",
                "sha256:941103c9be18ac8daf7b7adca8228f8ed6bb7a1849020f643b3a14d15b1924d9",
                "sha256:97aeba56665b4c3235a0e52b2c2f5ae9cd071b8a8310ad27bddb3f7fb30e9aa2",
                "sha256:a39455728aabd58ceabb03c90e12f71fd30fa69615760a075b9fec596456ccc3",
                "sha256:a3a52f6156e73e7ccb0f8cced536adccb7042be67cb45f9562e12b319c119da6",
                "sha256:a668ce24de96165bb239160b3d854943128f4334822900534f2fe947930e5770",
                "sha256:a75dafbf87d6276ddc5b2bf6fae5254e3d0876b626eb24969a574fff9149ee5d",
                "sha256:aabf5777b5c8ca26f7824cb4a120a740c9588ed58df9b2d196ce92fba42ff8dc",
                "sha256:aec5cf2fd867b4ff45b9959f8b20ea3993fc93e63c7363fe6851424c8a7e7c23",
                "sha256:b2379fa7ed44ddecb5bfe4e48577d752db9fc10be00a6b7446e9663ba143de26",
                "sha256:b4ececa40ac28afa90871c2cc2b9ffd2ff0bf749380fbdf57d165fd23da353aa",
                "sha256:b5819cd790dbf0c5eb9f82c73c16b39a65dd6dd4d1439dcdea7816ec9adddab8",
                "sha256:b74557b16e390ec12dca509bce9264c3bbd128f8a2c376eaa68003d7f327276d",
                "sha256:b80aa5095cd3109962a298ce14110ae16b8c1aece8b72f9dafe81cf597ad80b3",
                "sha256:b93590ae81f7010dbe380cdeab6f515902ebcbefe0b9327cc4804d74e93ae69d",
                "sha256:b96d5f26b05d03cc60f11a7761a5ded1741da411e7fe0909e27a5e6a0cb7b034",
                "sha256:bd3d54f38609ff308209bd43acea66061494157703364ae40c951f83ba99a1a9",
                "sha256:bfea2a5f0b4d8d43adf9d7b8bf019fb46fdd10a2e5cde477fbcb9d1fa08c68e1",
                "sha256:c007fe8a43d43b3969e8469004e9845944f1a80e6acd47c150856bb87f230c56",
                "sha256:c1df3d34aced70add6f867a8cf413e299177e0c22660cc767218373d0779487b",
                "sha256:c23e27686783f60290e36827f9c626e63154b82b116d7fe9adba1fda36da706c",
                "sha256:c8d8b4eb992936023be7dee581270af5c6e0697a8559895f527f5b7105ecd36a",
                "sha256:c9e19dd6e28fdcaa5a1de679aec4141f691023916427ef9bae8584f9c2fb3b0e",
                "sha256:d0d2568a8c11bf8225044aa94409e21da0cb09dcdafe9ecd10250b2baad531a9",
                "sha256:d38548150c39b74aeeb0ce8ee1d8e82696f4a4e16ddc6de7b1d8823f7de4b9b5",
                "sha256:d3a978c4f57a597908b7e697229d996d77a6d3c94901e9edee593adada95ce1a",
                "sha256:d5160812ea7a8a2ffbe233d8da666880cad0cbaf5d4de74ae15c313213d62556",
                "sha256:dc799088c08fa04e43144b164feb0c13f9a0bc40503f8df3e9fde58a3c0c101e",
                "sha256:df3959765b553b9440adfd3c795617c352154e497a4eaf3752555cfb5da8fc49",
                "sha256:dfa8a0c812ac681395907e71e1274819dec685fec28273a28905df579ef137e2",
                "sha256:e25c479382d26a2a41b7ebea1043564a937db462816ea07afa8a44c0866d52f9",
                "sha256:e4f4a984405e91527a0d62649ee21138f8e3d0ef103be488c1dc11a80d7f184b",
                "sha256:e536c98a7626a98feb2d3eaf75944ef6f3dbee447e1f841eae16f2f0a72d8ddc",
                "sha256:e56ba91f47764cc14f1daacd723e3e82d1a89d783f0f5afe9c364b8bb491ccdb",
                "sha256:e672ba74fbc2dc8eea59fb6d4aed6845e6905fc2a8afe93175d94a83ba2a01a0",
                "sha256:e7b576130c69225432866fe2f4a469a85a54ade141d96fd396dffcf607b558f8",
                "sha256:e8465ab91a4bd96d36dde3263f06caa6a8a6019e4113f24dc753d79a8b3a3f82",
                "sha256:e96cea19e34778f8d59fe40775a7a574d95816eb150850a85a7a4c8f4b94ac69",
                "sha256:ece5c59f0ce7d001e017643d8d24da587ea1f74f6993467d85ae8a5ef9d4f42b",
                "sha256:eceb81a8d74f9267ef4081e246ffd6d129da5d87e37a77c9bde550cb04870c1c",
                "sha256:ed2e99c456e3fadd05c991f8f437ef902e00eedf34320ba2b0842bd1c3ca3a75",
                "sha256:f0cd744688278965817fd0839c4a4116add48d23890d468bc436f78beb28abf5",
                "sha256:f14f8f046c14563f8eb3f45f499cc658ab8d10072961e07225e507adb700e93f",
                "sha256:f15489ba13d61f670dcc96772e733aad1a6f9c429cc27574c6cdaed82d0146ad",
                "sha256:f31d95a179f8d64d90f6831d71fa93290893a33148d890ba15de25642c5d075b",
                "sha256:f41a7489d32336dbf2199c8c0a215390a751c5b014c2c1c5366e817202e9cdf7",
                "sha256:f41eb9797986d6ebac5e8edff36d5cef9de40def462311b3eb3eeded1431e425",
                "sha256:f547144f2966e1e16ae626d8ce72b4cfa0caedc7fa28052001c94fb2fcaa1c52"
            ],
            "markers": "python_version >= '3.9'",
            "version": "==2.41.5"
        },
        "python-dateutil": {
            "hashes": [
                "sha256:37dd54208da7e1cd875388217d5e00ebd4179249f90fb72437e91a35459a0ad3",
                "sha256:a8b2bc7bffae282281c8140a97d3aa9c14da0b136dfe83f850eea9a5f7470427"
            ],
            "markers": "python_version >= '2.7' and python_version not in '3.0, 3.1, 3.2'",
            "version": "==2.9.0.post0"
        },
        "six": {
            "hashes": [
                "sha256:4721f391ed90541fddacab5acf947aa0d3dc7d27b2e1e8eda2be8970586c3274",
                "sha256:ff70335d468e7eb6ec65b95b99d3a2836546063f63acc5171de367e834932a81"
            ],
            "markers": "python_version >= '2.7' and python_version not in '3.0, 3.1, 3.2'",
            "version": "==1.17.0"
        },
        "sniffio": {
            "hashes": [
                "sha256:2f6da418d1f1e0fddd844478f41680e794e6051915791a034ff65e5f100525a2",
                "sha256:f4324edc670a0f49750a81b895f35c3adb843cca46f0530f79fc1babb23789dc"
            ],
            "markers": "python_version >= '3.7'",
            "version": "==1.3.1"
        },
        "typing-extensions": {
            "hashes": [
                "sha256:0cea48d173cc12fa28ecabc3b837ea3cf6f38c6d1136f85cbaaf598984861466",
                "sha256:f0fa19c6845758ab08074a0cfa8b7aecb71c999ca73d62883bc25cc018c4e548"
            ],
            "markers": "python_version >= '3.9'",
            "version": "==4.15.0"
        },
        "typing-inspection": {
            "hashes": [
                "sha256:4ed1cacbdc298c220f1bd249ed5287caa16f34d44ef4e9c3d0cbad5b521545e7",
                "sha256:ba561c48a67c5958007083d386c3295464928b01faa735ab8547c5692e87f464"
            ],
            "markers": "python_version >= '3.9'",
            "version": "==0.4.2"
        }
    },
    "develop": {}
}
